
Microsoft Visual Studio Solution File, Format Version 12.00
# Visual Studio Version 16
VisualStudioVersion = 16.0.31129.286
MinimumVisualStudioVersion = 10.0.40219.1
Project("{FAE04EC0-301F-11D3-BF4B-00C04F79EFBC}") = "MVC_Sample_1", "MVC_Sample_1.csproj", "{CC561D66-5C2E-4268-B5BF-8171B2FC157A}"
EndProject
Global
	GlobalSection(SolutionConfigurationPlatforms) = preSolution
		Debug|Any CPU = Debug|Any CPU
		Release|Any CPU = Release|Any CPU
	EndGlobalSection
	GlobalSection(ProjectConfigurationPlatforms) = postSolution
		{CC561D66-5C2E-4268-B5BF-8171B2FC157A}.Debug|Any CPU.ActiveCfg = Debug|Any CPU
		{CC561D66-5C2E-4268-B5BF-8171B2FC157A}.Debug|Any CPU.Build.0 = Debug|Any CPU
		{CC561D66-5C2E-4268-B5BF-8171B2FC157A}.Release|Any CPU.ActiveCfg = Release|Any CPU
		{CC561D66-5C2E-4268-B5BF-8171B2FC157A}.Release|Any CPU.Build.0 = Release|Any CPU
	EndGlobalSection
	GlobalSection(SolutionProperties) = preSolution
		HideSolutionNode = FALSE
	EndGlobalSection
	GlobalSection(ExtensibilityGlobals) = postSolution
		SolutionGuid = {F2E47A97-6D3F-4A12-859E-CF38311D9D4A}
	EndGlobalSection
EndGlobal
